// !$*UTF8*$!
{
	archiveVersion = 1;
	classes = {
	};
	objectVersion = 51;
	objects = {

/* Begin PBXBuildFile section */
		3B0486A827809C0A006A606C /* ToDoListApp.swift in Sources */ = {isa = PBXBuildFile; fileRef = 3B0486A727809C0A006A606C /* ToDoListApp.swift */; };
		3B0486AA27809C0A006A606C /* TodoList.swift in Sources */ = {isa = PBXBuildFile; fileRef = 3B0486A927809C0A006A606C /* TodoList.swift */; };
		3B0486AC27809C0E006A606C /* Assets.xcassets in Resources */ = {isa = PBXBuildFile; fileRef = 3B0486AB27809C0E006A606C /* Assets.xcassets */; };
		3B0486AF27809C0E006A606C /* Preview Assets.xcassets in Resources */ = {isa = PBXBuildFile; fileRef = 3B0486AE27809C0E006A606C /* Preview Assets.xcassets */; };
		3B0486B727809D87006A606C /* TaskDetail.swift in Sources */ = {isa = PBXBuildFile; fileRef = 3B0486B627809D87006A606C /* TaskDetail.swift */; };
		3B0486BA27809DB6006A606C /* TaskStatusTab.swift in Sources */ = {isa = PBXBuildFile; fileRef = 3B0486B927809DB6006A606C /* TaskStatusTab.swift */; };
		3B0486BC27809DD3006A606C /* StatusTabButton.swift in Sources */ = {isa = PBXBuildFile; fileRef = 3B0486BB27809DD3006A606C /* StatusTabButton.swift */; };
		3B0486BE27809DF6006A606C /* TodoModel.swift in Sources */ = {isa = PBXBuildFile; fileRef = 3B0486BD27809DF6006A606C /* TodoModel.swift */; };
		3B0486C12785CE8D006A606C /* RegistTaskButton.swift in Sources */ = {isa = PBXBuildFile; fileRef = 3B0486C02785CE8D006A606C /* RegistTaskButton.swift */; };
		3B0486C42785D135006A606C /* UpdateTaskButton.swift in Sources */ = {isa = PBXBuildFile; fileRef = 3B0486C32785D135006A606C /* UpdateTaskButton.swift */; };
		3B366ED329AB5E9000E140A7 /* BannerView.swift in Sources */ = {isa = PBXBuildFile; fileRef = 3B366ED229AB5E9000E140A7 /* BannerView.swift */; };
		3B58AA0629B345C700AFF83A /* TextView.swift in Sources */ = {isa = PBXBuildFile; fileRef = 3B58AA0529B345C700AFF83A /* TextView.swift */; };
		B9D6D23D47D008D16910D655 /* Pods_ToDoList.framework in Frameworks */ = {isa = PBXBuildFile; fileRef = 0D23256C04BC4581CC7E714E /* Pods_ToDoList.framework */; };
/* End PBXBuildFile section */

/* Begin PBXFileReference section */
		0D23256C04BC4581CC7E714E /* Pods_ToDoList.framework */ = {isa = PBXFileReference; explicitFileType = wrapper.framework; includeInIndex = 0; path = Pods_ToDoList.framework; sourceTree = BUILT_PRODUCTS_DIR; };
		3B0486A427809C0A006A606C /* ToDoList.app */ = {isa = PBXFileReference; explicitFileType = wrapper.application; includeInIndex = 0; path = ToDoList.app; sourceTree = BUILT_PRODUCTS_DIR; };
		3B0486A727809C0A006A606C /* ToDoListApp.swift */ = {isa = PBXFileReference; lastKnownFileType = sourcecode.swift; path = ToDoListApp.swift; sourceTree = "<group>"; };
		3B0486A927809C0A006A606C /* TodoList.swift */ = {isa = PBXFileReference; lastKnownFileType = sourcecode.swift; path = TodoList.swift; sourceTree = "<group>"; };
		3B0486AB27809C0E006A606C /* Assets.xcassets */ = {isa = PBXFileReference; lastKnownFileType = folder.assetcatalog; path = Assets.xcassets; sourceTree = "<group>"; };
		3B0486AE27809C0E006A606C /* Preview Assets.xcassets */ = {isa = PBXFileReference; lastKnownFileType = folder.assetcatalog; path = "Preview Assets.xcassets"; sourceTree = "<group>"; };
		3B0486B027809C0E006A606C /* Info.plist */ = {isa = PBXFileReference; lastKnownFileType = text.plist.xml; path = Info.plist; sourceTree = "<group>"; };
		3B0486B627809D87006A606C /* TaskDetail.swift */ = {isa = PBXFileReference; lastKnownFileType = sourcecode.swift; path = TaskDetail.swift; sourceTree = "<group>"; };
		3B0486B927809DB6006A606C /* TaskStatusTab.swift */ = {isa = PBXFileReference; lastKnownFileType = sourcecode.swift; path = TaskStatusTab.swift; sourceTree = "<group>"; };
		3B0486BB27809DD3006A606C /* StatusTabButton.swift */ = {isa = PBXFileReference; lastKnownFileType = sourcecode.swift; path = StatusTabButton.swift; sourceTree = "<group>"; };
		3B0486BD27809DF6006A606C /* TodoModel.swift */ = {isa = PBXFileReference; lastKnownFileType = sourcecode.swift; path = TodoModel.swift; sourceTree = "<group>"; };
		3B0486C02785CE8D006A606C /* RegistTaskButton.swift */ = {isa = PBXFileReference; lastKnownFileType = sourcecode.swift; path = RegistTaskButton.swift; sourceTree = "<group>"; };
		3B0486C32785D135006A606C /* UpdateTaskButton.swift */ = {isa = PBXFileReference; lastKnownFileType = sourcecode.swift; path = UpdateTaskButton.swift; sourceTree = "<group>"; };
		3B366ED229AB5E9000E140A7 /* BannerView.swift */ = {isa = PBXFileReference; lastKnownFileType = sourcecode.swift; path = BannerView.swift; sourceTree = "<group>"; };
		3B58AA0529B345C700AFF83A /* TextView.swift */ = {isa = PBXFileReference; lastKnownFileType = sourcecode.swift; path = TextView.swift; sourceTree = "<group>"; };
		8B5F857F9826532F41BF4A4D /* Pods-ToDoList.release.xcconfig */ = {isa = PBXFileReference; includeInIndex = 1; lastKnownFileType = text.xcconfig; name = "Pods-ToDoList.release.xcconfig"; path = "Target Support Files/Pods-ToDoList/Pods-ToDoList.release.xcconfig"; sourceTree = "<group>"; };
		A6B6E9689277686EDA99D76D /* Pods-ToDoList.debug.xcconfig */ = {isa = PBXFileReference; includeInIndex = 1; lastKnownFileType = text.xcconfig; name = "Pods-ToDoList.debug.xcconfig"; path = "Target Support Files/Pods-ToDoList/Pods-ToDoList.debug.xcconfig"; sourceTree = "<group>"; };
/* End PBXFileReference section */

/* Begin PBXFrameworksBuildPhase section */
		3B0486A127809C0A006A606C /* Frameworks */ = {
			isa = PBXFrameworksBuildPhase;
			buildActionMask = 2147483647;
			files = (
				B9D6D23D47D008D16910D655 /* Pods_ToDoList.framework in Frameworks */,
			);
			runOnlyForDeploymentPostprocessing = 0;
		};
/* End PBXFrameworksBuildPhase section */

/* Begin PBXGroup section */
		2E43E41B931579A2D35E05E4 /* Frameworks */ = {
			isa = PBXGroup;
			children = (
				0D23256C04BC4581CC7E714E /* Pods_ToDoList.framework */,
			);
			name = Frameworks;
			sourceTree = "<group>";
		};
		3B04869B27809C0A006A606C = {
			isa = PBXGroup;
			children = (
				3B0486A627809C0A006A606C /* ToDoList */,
				3B0486A527809C0A006A606C /* Products */,
				B2D8D11A31C1633F35089D6A /* Pods */,
				2E43E41B931579A2D35E05E4 /* Frameworks */,
			);
			sourceTree = "<group>";
		};
		3B0486A527809C0A006A606C /* Products */ = {
			isa = PBXGroup;
			children = (
				3B0486A427809C0A006A606C /* ToDoList.app */,
			);
			name = Products;
			sourceTree = "<group>";
		};
		3B0486A627809C0A006A606C /* ToDoList */ = {
			isa = PBXGroup;
			children = (
				3B58AA0429B345A800AFF83A /* Util */,
				3B0486A727809C0A006A606C /* ToDoListApp.swift */,
				3B0486BF27809DFC006A606C /* Models */,
				3B0486B827809D8C006A606C /* View */,
				3B0486AB27809C0E006A606C /* Assets.xcassets */,
				3B0486B027809C0E006A606C /* Info.plist */,
				3B0486AD27809C0E006A606C /* Preview Content */,
			);
			path = ToDoList;
			sourceTree = "<group>";
		};
		3B0486AD27809C0E006A606C /* Preview Content */ = {
			isa = PBXGroup;
			children = (
				3B0486AE27809C0E006A606C /* Preview Assets.xcassets */,
			);
			path = "Preview Content";
			sourceTree = "<group>";
		};
		3B0486B827809D8C006A606C /* View */ = {
			isa = PBXGroup;
			children = (
				3B0486A927809C0A006A606C /* TodoList.swift */,
				3B0486B627809D87006A606C /* TaskDetail.swift */,
				3B0486B927809DB6006A606C /* TaskStatusTab.swift */,
				3B0486C22785D0F8006A606C /* Button */,
				3B366ED229AB5E9000E140A7 /* BannerView.swift */,
			);
			path = View;
			sourceTree = "<group>";
		};
		3B0486BF27809DFC006A606C /* Models */ = {
			isa = PBXGroup;
			children = (
				3B0486BD27809DF6006A606C /* TodoModel.swift */,
			);
			path = Models;
			sourceTree = "<group>";
		};
		3B0486C22785D0F8006A606C /* Button */ = {
			isa = PBXGroup;
			children = (
				3B0486BB27809DD3006A606C /* StatusTabButton.swift */,
				3B0486C32785D135006A606C /* UpdateTaskButton.swift */,
				3B0486C02785CE8D006A606C /* RegistTaskButton.swift */,
			);
			path = Button;
			sourceTree = "<group>";
		};
		3B58AA0429B345A800AFF83A /* Util */ = {
			isa = PBXGroup;
			children = (
				3B58AA0529B345C700AFF83A /* TextView.swift */,
			);
			path = Util;
			sourceTree = "<group>";
		};
		B2D8D11A31C1633F35089D6A /* Pods */ = {
			isa = PBXGroup;
			children = (
				A6B6E9689277686EDA99D76D /* Pods-ToDoList.debug.xcconfig */,
				8B5F857F9826532F41BF4A4D /* Pods-ToDoList.release.xcconfig */,
			);
			path = Pods;
			sourceTree = "<group>";
		};
/* End PBXGroup section */

/* Begin PBXNativeTarget section */
		3B0486A327809C0A006A606C /* ToDoList */ = {
			isa = PBXNativeTarget;
			buildConfigurationList = 3B0486B327809C0E006A606C /* Build configuration list for PBXNativeTarget "ToDoList" */;
			buildPhases = (
				87AFA9FBA9B56955904D0EFF /* [CP] Check Pods Manifest.lock */,
				3B0486A027809C0A006A606C /* Sources */,
				3B0486A127809C0A006A606C /* Frameworks */,
				3B0486A227809C0A006A606C /* Resources */,
				16B3ADD92248EA3B21787ADB /* [CP] Embed Pods Frameworks */,
			);
			buildRules = (
			);
			dependencies = (
			);
			name = ToDoList;
			productName = ToDoList;
			productReference = 3B0486A427809C0A006A606C /* ToDoList.app */;
			productType = "com.apple.product-type.application";
		};
/* End PBXNativeTarget section */

/* Begin PBXProject section */
		3B04869C27809C0A006A606C /* Project object */ = {
			isa = PBXProject;
			attributes = {
				LastSwiftUpdateCheck = 1250;
				LastUpgradeCheck = 1250;
				TargetAttributes = {
					3B0486A327809C0A006A606C = {
						CreatedOnToolsVersion = 12.5.1;
					};
				};
			};
			buildConfigurationList = 3B04869F27809C0A006A606C /* Build configuration list for PBXProject "ToDoList" */;
			compatibilityVersion = "Xcode 9.3";
			developmentRegion = en;
			hasScannedForEncodings = 0;
			knownRegions = (
				en,
				Base,
			);
			mainGroup = 3B04869B27809C0A006A606C;
			productRefGroup = 3B0486A527809C0A006A606C /* Products */;
			projectDirPath = "";
			projectRoot = "";
			targets = (
				3B0486A327809C0A006A606C /* ToDoList */,
			);
		};
/* End PBXProject section */

/* Begin PBXResourcesBuildPhase section */
		3B0486A227809C0A006A606C /* Resources */ = {
			isa = PBXResourcesBuildPhase;
			buildActionMask = 2147483647;
			files = (
				3B0486AF27809C0E006A606C /* Preview Assets.xcassets in Resources */,
				3B0486AC27809C0E006A606C /* Assets.xcassets in Resources */,
			);
			runOnlyForDeploymentPostprocessing = 0;
		};
/* End PBXResourcesBuildPhase section */

/* Begin PBXShellScriptBuildPhase section */
		16B3ADD92248EA3B21787ADB /* [CP] Embed Pods Frameworks */ = {
			isa = PBXShellScriptBuildPhase;
			buildActionMask = 2147483647;
			files = (
			);
			inputFileListPaths = (
				"${PODS_ROOT}/Target Support Files/Pods-ToDoList/Pods-ToDoList-frameworks-${CONFIGURATION}-input-files.xcfilelist",
			);
			name = "[CP] Embed Pods Frameworks";
			outputFileListPaths = (
				"${PODS_ROOT}/Target Support Files/Pods-ToDoList/Pods-ToDoList-frameworks-${CONFIGURATION}-output-files.xcfilelist",
			);
			runOnlyForDeploymentPostprocessing = 0;
			shellPath = /bin/sh;
			shellScript = "\"${PODS_ROOT}/Target Support Files/Pods-ToDoList/Pods-ToDoList-frameworks.sh\"\n";
			showEnvVarsInLog = 0;
		};
		87AFA9FBA9B56955904D0EFF /* [CP] Check Pods Manifest.lock */ = {
			isa = PBXShellScriptBuildPhase;
			buildActionMask = 2147483647;
			files = (
			);
			inputFileListPaths = (
			);
			inputPaths = (
				"${PODS_PODFILE_DIR_PATH}/Podfile.lock",
				"${PODS_ROOT}/Manifest.lock",
			);
			name = "[CP] Check Pods Manifest.lock";
			outputFileListPaths = (
			);
			outputPaths = (
				"$(DERIVED_FILE_DIR)/Pods-ToDoList-checkManifestLockResult.txt",
			);
			runOnlyForDeploymentPostprocessing = 0;
			shellPath = /bin/sh;
			shellScript = "diff \"${PODS_PODFILE_DIR_PATH}/Podfile.lock\" \"${PODS_ROOT}/Manifest.lock\" > /dev/null\nif [ $? != 0 ] ; then\n    # print error to STDERR\n    echo \"error: The sandbox is not in sync with the Podfile.lock. Run 'pod install' or update your CocoaPods installation.\" >&2\n    exit 1\nfi\n# This output is used by Xcode 'outputs' to avoid re-running this script phase.\necho \"SUCCESS\" > \"${SCRIPT_OUTPUT_FILE_0}\"\n";
			showEnvVarsInLog = 0;
		};
/* End PBXShellScriptBuildPhase section */

/* Begin PBXSourcesBuildPhase section */
		3B0486A027809C0A006A606C /* Sources */ = {
			isa = PBXSourcesBuildPhase;
			buildActionMask = 2147483647;
			files = (
				3B0486BA27809DB6006A606C /* TaskStatusTab.swift in Sources */,
				3B0486C12785CE8D006A606C /* RegistTaskButton.swift in Sources */,
				3B0486AA27809C0A006A606C /* TodoList.swift in Sources */,
				3B0486C42785D135006A606C /* UpdateTaskButton.swift in Sources */,
				3B0486B727809D87006A606C /* TaskDetail.swift in Sources */,
				3B366ED329AB5E9000E140A7 /* BannerView.swift in Sources */,
				3B0486BE27809DF6006A606C /* TodoModel.swift in Sources */,
				3B0486A827809C0A006A606C /* ToDoListApp.swift in Sources */,
				3B0486BC27809DD3006A606C /* StatusTabButton.swift in Sources */,
				3B58AA0629B345C700AFF83A /* TextView.swift in Sources */,
			);
			runOnlyForDeploymentPostprocessing = 0;
		};
/* End PBXSourcesBuildPhase section */

/* Begin XCBuildConfiguration section */
		3B0486B127809C0E006A606C /* Debug */ = {
			isa = XCBuildConfiguration;
			buildSettings = {
				ALWAYS_SEARCH_USER_PATHS = NO;
				CLANG_ANALYZER_NONNULL = YES;
				CLANG_ANALYZER_NUMBER_OBJECT_CONVERSION = YES_AGGRESSIVE;
				CLANG_CXX_LANGUAGE_STANDARD = "gnu++14";
				CLANG_CXX_LIBRARY = "libc++";
				CLANG_ENABLE_MODULES = YES;
				CLANG_ENABLE_OBJC_ARC = YES;
				CLANG_ENABLE_OBJC_WEAK = YES;
				CLANG_WARN_BLOCK_CAPTURE_AUTORELEASING = YES;
				CLANG_WARN_BOOL_CONVERSION = YES;
				CLANG_WARN_COMMA = YES;
				CLANG_WARN_CONSTANT_CONVERSION = YES;
				CLANG_WARN_DEPRECATED_OBJC_IMPLEMENTATIONS = YES;
				CLANG_WARN_DIRECT_OBJC_ISA_USAGE = YES_ERROR;
				CLANG_WARN_DOCUMENTATION_COMMENTS = YES;
				CLANG_WARN_EMPTY_BODY = YES;
				CLANG_WARN_ENUM_CONVERSION = YES;
				CLANG_WARN_INFINITE_RECURSION = YES;
				CLANG_WARN_INT_CONVERSION = YES;
				CLANG_WARN_NON_LITERAL_NULL_CONVERSION = YES;
				CLANG_WARN_OBJC_IMPLICIT_RETAIN_SELF = YES;
				CLANG_WARN_OBJC_LITERAL_CONVERSION = YES;
				CLANG_WARN_OBJC_ROOT_CLASS = YES_ERROR;
				CLANG_WARN_QUOTED_INCLUDE_IN_FRAMEWORK_HEADER = YES;
				CLANG_WARN_RANGE_LOOP_ANALYSIS = YES;
				CLANG_WARN_STRICT_PROTOTYPES = YES;
				CLANG_WARN_SUSPICIOUS_MOVE = YES;
				CLANG_WARN_UNGUARDED_AVAILABILITY = YES_AGGRESSIVE;
				CLANG_WARN_UNREACHABLE_CODE = YES;
				CLANG_WARN__DUPLICATE_METHOD_MATCH = YES;
				COPY_PHASE_STRIP = NO;
				DEBUG_INFORMATION_FORMAT = dwarf;
				ENABLE_STRICT_OBJC_MSGSEND = YES;
				ENABLE_TESTABILITY = YES;
				GCC_C_LANGUAGE_STANDARD = gnu11;
				GCC_DYNAMIC_NO_PIC = NO;
				GCC_NO_COMMON_BLOCKS = YES;
				GCC_OPTIMIZATION_LEVEL = 0;
				GCC_PREPROCESSOR_DEFINITIONS = (
					"DEBUG=1",
					"$(inherited)",
				);
				GCC_WARN_64_TO_32_BIT_CONVERSION = YES;
				GCC_WARN_ABOUT_RETURN_TYPE = YES_ERROR;
				GCC_WARN_UNDECLARED_SELECTOR = YES;
				GCC_WARN_UNINITIALIZED_AUTOS = YES_AGGRESSIVE;
				GCC_WARN_UNUSED_FUNCTION = YES;
				GCC_WARN_UNUSED_VARIABLE = YES;
				IPHONEOS_DEPLOYMENT_TARGET = 14.5;
				MTL_ENABLE_DEBUG_INFO = INCLUDE_SOURCE;
				MTL_FAST_MATH = YES;
				ONLY_ACTIVE_ARCH = YES;
				SDKROOT = iphoneos;
				SWIFT_ACTIVE_COMPILATION_CONDITIONS = DEBUG;
				SWIFT_OPTIMIZATION_LEVEL = "-Onone";
			};
			name = Debug;
		};
		3B0486B227809C0E006A606C /* Release */ = {
			isa = XCBuildConfiguration;
			buildSettings = {
				ALWAYS_SEARCH_USER_PATHS = NO;
				CLANG_ANALYZER_NONNULL = YES;
				CLANG_ANALYZER_NUMBER_OBJECT_CONVERSION = YES_AGGRESSIVE;
				CLANG_CXX_LANGUAGE_STANDARD = "gnu++14";
				CLANG_CXX_LIBRARY = "libc++";
				CLANG_ENABLE_MODULES = YES;
				CLANG_ENABLE_OBJC_ARC = YES;
				CLANG_ENABLE_OBJC_WEAK = YES;
				CLANG_WARN_BLOCK_CAPTURE_AUTORELEASING = YES;
				CLANG_WARN_BOOL_CONVERSION = YES;
				CLANG_WARN_COMMA = YES;
				CLANG_WARN_CONSTANT_CONVERSION = YES;
				CLANG_WARN_DEPRECATED_OBJC_IMPLEMENTATIONS = YES;
				CLANG_WARN_DIRECT_OBJC_ISA_USAGE = YES_ERROR;
				CLANG_WARN_DOCUMENTATION_COMMENTS = YES;
				CLANG_WARN_EMPTY_BODY = YES;
				CLANG_WARN_ENUM_CONVERSION = YES;
				CLANG_WARN_INFINITE_RECURSION = YES;
				CLANG_WARN_INT_CONVERSION = YES;
				CLANG_WARN_NON_LITERAL_NULL_CONVERSION = YES;
				CLANG_WARN_OBJC_IMPLICIT_RETAIN_SELF = YES;
				CLANG_WARN_OBJC_LITERAL_CONVERSION = YES;
				CLANG_WARN_OBJC_ROOT_CLASS = YES_ERROR;
				CLANG_WARN_QUOTED_INCLUDE_IN_FRAMEWORK_HEADER = YES;
				CLANG_WARN_RANGE_LOOP_ANALYSIS = YES;
				CLANG_WARN_STRICT_PROTOTYPES = YES;
				CLANG_WARN_SUSPICIOUS_MOVE = YES;
				CLANG_WARN_UNGUARDED_AVAILABILITY = YES_AGGRESSIVE;
				CLANG_WARN_UNREACHABLE_CODE = YES;
				CLANG_WARN__DUPLICATE_METHOD_MATCH = YES;
				COPY_PHASE_STRIP = NO;
				DEBUG_INFORMATION_FORMAT = "dwarf-with-dsym";
				ENABLE_NS_ASSERTIONS = NO;
				ENABLE_STRICT_OBJC_MSGSEND = YES;
				GCC_C_LANGUAGE_STANDARD = gnu11;
				GCC_NO_COMMON_BLOCKS = YES;
				GCC_WARN_64_TO_32_BIT_CONVERSION = YES;
				GCC_WARN_ABOUT_RETURN_TYPE = YES_ERROR;
				GCC_WARN_UNDECLARED_SELECTOR = YES;
				GCC_WARN_UNINITIALIZED_AUTOS = YES_AGGRESSIVE;
				GCC_WARN_UNUSED_FUNCTION = YES;
				GCC_WARN_UNUSED_VARIABLE = YES;
				IPHONEOS_DEPLOYMENT_TARGET = 14.5;
				MTL_ENABLE_DEBUG_INFO = NO;
				MTL_FAST_MATH = YES;
				SDKROOT = iphoneos;
				SWIFT_COMPILATION_MODE = wholemodule;
				SWIFT_OPTIMIZATION_LEVEL = "-O";
				VALIDATE_PRODUCT = YES;
			};
			name = Release;
		};
		3B0486B427809C0E006A606C /* Debug */ = {
			isa = XCBuildConfiguration;
			baseConfigurationReference = A6B6E9689277686EDA99D76D /* Pods-ToDoList.debug.xcconfig */;
			buildSettings = {
				ASSETCATALOG_COMPILER_APPICON_NAME = AppIcon;
				ASSETCATALOG_COMPILER_GLOBAL_ACCENT_COLOR_NAME = AccentColor;
				CODE_SIGN_IDENTITY = "Apple Development";
				CODE_SIGN_STYLE = Automatic;
				CURRENT_PROJECT_VERSION = 4;
				DEVELOPMENT_ASSET_PATHS = "\"ToDoList/Preview Content\"";
				DEVELOPMENT_TEAM = 596D95CQ24;
				ENABLE_PREVIEWS = YES;
				INFOPLIST_FILE = ToDoList/Info.plist;
				INFOPLIST_KEY_LSApplicationCategoryType = "public.app-category.business";
				IPHONEOS_DEPLOYMENT_TARGET = 14.0;
				LD_RUNPATH_SEARCH_PATHS = (
					"$(inherited)",
					"@executable_path/Frameworks",
				);
				MARKETING_VERSION = 2.1;
				PRODUCT_BUNDLE_IDENTIFIER = com.kazuki.ToDoList;
				PRODUCT_NAME = "$(TARGET_NAME)";
				PROVISIONING_PROFILE_SPECIFIER = "";
				SUPPORTED_PLATFORMS = "iphoneos iphonesimulator";
				SUPPORTS_MACCATALYST = NO;
				SUPPORTS_MAC_DESIGNED_FOR_IPHONE_IPAD = NO;
				SWIFT_VERSION = 5.0;
				TARGETED_DEVICE_FAMILY = 1;
			};
			name = Debug;
		};
		3B0486B527809C0E006A606C /* Release */ = {
			isa = XCBuildConfiguration;
			baseConfigurationReference = 8B5F857F9826532F41BF4A4D /* Pods-ToDoList.release.xcconfig */;
			buildSettings = {
				ASSETCATALOG_COMPILER_APPICON_NAME = AppIcon;
				ASSETCATALOG_COMPILER_GLOBAL_ACCENT_COLOR_NAME = AccentColor;
				CODE_SIGN_IDENTITY = "Apple Development";
				CODE_SIGN_STYLE = Automatic;
				CURRENT_PROJECT_VERSION = 4;
				DEVELOPMENT_ASSET_PATHS = "\"ToDoList/Preview Content\"";
				DEVELOPMENT_TEAM = 596D95CQ24;
				ENABLE_PREVIEWS = YES;
				INFOPLIST_FILE = ToDoList/Info.plist;
				INFOPLIST_KEY_LSApplicationCategoryType = "public.app-category.business";
				IPHONEOS_DEPLOYMENT_TARGET = 14.0;
				LD_RUNPATH_SEARCH_PATHS = (
					"$(inherited)",
					"@executable_path/Frameworks",
				);
				MARKETING_VERSION = 2.1;
				PRODUCT_BUNDLE_IDENTIFIER = com.kazuki.ToDoList;
				PRODUCT_NAME = "$(TARGET_NAME)";
				PROVISIONING_PROFILE_SPECIFIER = "";
				SUPPORTED_PLATFORMS = "iphoneos iphonesimulator";
				SUPPORTS_MACCATALYST = NO;
				SUPPORTS_MAC_DESIGNED_FOR_IPHONE_IPAD = NO;
				SWIFT_VERSION = 5.0;
				TARGETED_DEVICE_FAMILY = 1;
			};
			name = Release;
		};
/* End XCBuildConfiguration section */

/* Begin XCConfigurationList section */
		3B04869F27809C0A006A606C /* Build configuration list for PBXProject "ToDoList" */ = {
			isa = XCConfigurationList;
			buildConfigurations = (
				3B0486B127809C0E006A606C /* Debug */,
				3B0486B227809C0E006A606C /* Release */,
			);
			defaultConfigurationIsVisible = 0;
			defaultConfigurationName = Release;
		};
		3B0486B327809C0E006A606C /* Build configuration list for PBXNativeTarget "ToDoList" */ = {
			isa = XCConfigurationList;
			buildConfigurations = (
				3B0486B427809C0E006A606C /* Debug */,
				3B0486B527809C0E006A606C /* Release */,
			);
			defaultConfigurationIsVisible = 0;
			defaultConfigurationName = Release;
		};
/* End XCConfigurationList section */
	};
	rootObject = 3B04869C27809C0A006A606C /* Project object */;
}
